Microsoft Visual Studio Solution File, Format Version 12.00
# Visual Studio Version 16
VisualStudioVersion = 16.0.28803.352
MinimumVisualStudioVersion = 10.0.40219.1
Project("{2150E333-8FDC-42A3-9474-1A3956D46DE8}") = ".project", ".project", "{A97B8D08-C96D-4E28-9102-2E7F6644A1BD}"
	ProjectSection(SolutionItems) = preProject
		global.json = global.json
		NuGet.config = NuGet.config
		readme.md = readme.md
	EndProjectSection
EndProject
Project("{2150E333-8FDC-42A3-9474-1A3956D46DE8}") = "lib", "lib", "{F988683C-F7D7-455C-B40C-2D8EAF274263}"
EndProject
Project("{2150E333-8FDC-42A3-9474-1A3956D46DE8}") = "app", "app", "{D31F8A7E-2CA5-4F53-8914-BEE2EF0F6EC1}"
EndProject
Project("{9A19103F-16F7-4668-BE54-9A1E7A4F7556}") = "Tools", "lib\Tools\Tools.csproj", "{45955B9C-F145-48D8-8C35-701429E7E385}"
EndProject
Project("{9A19103F-16F7-4668-BE54-9A1E7A4F7556}") = "Common", "lib\Common\Common.csproj", "{DFCBD63D-FCF1-4FAC-A7DD-14F8FA391BC1}"
EndProject
Project("{9A19103F-16F7-4668-BE54-9A1E7A4F7556}") = "DataService", "lib\DataService\DataService.csproj", "{2F1457EF-41E4-4115-963C-635E7D38D879}"
EndProject
Project("{9A19103F-16F7-4668-BE54-9A1E7A4F7556}") = "CMS", "app\CMS\CMS.csproj", "{24137218-3E1A-40D3-87F6-3E844B068A75}"
EndProject
Project("{9A19103F-16F7-4668-BE54-9A1E7A4F7556}") = "CMS_API", "app\CMS_API\CMS_API.csproj", "{B897FC03-4445-407F-9BF5-6C4CF15B8AE3}"
EndProject
Global
	GlobalSection(SolutionConfigurationPlatforms) = preSolution
		Debug|Any CPU = Debug|Any CPU
		Release|Any CPU = Release|Any CPU
	EndGlobalSection
	GlobalSection(ProjectConfigurationPlatforms) = postSolution
		{45955B9C-F145-48D8-8C35-701429E7E385}.Debug|Any CPU.ActiveCfg = Debug|Any CPU
		{45955B9C-F145-48D8-8C35-701429E7E385}.Debug|Any CPU.Build.0 = Debug|Any CPU
		{45955B9C-F145-48D8-8C35-701429E7E385}.Release|Any CPU.ActiveCfg = Release|Any CPU
		{45955B9C-F145-48D8-8C35-701429E7E385}.Release|Any CPU.Build.0 = Release|Any CPU
		{DFCBD63D-FCF1-4FAC-A7DD-14F8FA391BC1}.Debug|Any CPU.ActiveCfg = Debug|Any CPU
		{DFCBD63D-FCF1-4FAC-A7DD-14F8FA391BC1}.Debug|Any CPU.Build.0 = Debug|Any CPU
		{DFCBD63D-FCF1-4FAC-A7DD-14F8FA391BC1}.Release|Any CPU.ActiveCfg = Release|Any CPU
		{DFCBD63D-FCF1-4FAC-A7DD-14F8FA391BC1}.Release|Any CPU.Build.0 = Release|Any CPU
		{2F1457EF-41E4-4115-963C-635E7D38D879}.Debug|Any CPU.ActiveCfg = Debug|Any CPU
		{2F1457EF-41E4-4115-963C-635E7D38D879}.Debug|Any CPU.Build.0 = Debug|Any CPU
		{2F1457EF-41E4-4115-963C-635E7D38D879}.Release|Any CPU.ActiveCfg = Release|Any CPU
		{2F1457EF-41E4-4115-963C-635E7D38D879}.Release|Any CPU.Build.0 = Release|Any CPU
		{24137218-3E1A-40D3-87F6-3E844B068A75}.Debug|Any CPU.ActiveCfg = Debug|Any CPU
		{24137218-3E1A-40D3-87F6-3E844B068A75}.Debug|Any CPU.Build.0 = Debug|Any CPU
		{24137218-3E1A-40D3-87F6-3E844B068A75}.Release|Any CPU.ActiveCfg = Release|Any CPU
		{24137218-3E1A-40D3-87F6-3E844B068A75}.Release|Any CPU.Build.0 = Release|Any CPU
		{B897FC03-4445-407F-9BF5-6C4CF15B8AE3}.Debug|Any CPU.ActiveCfg = Debug|Any CPU
		{B897FC03-4445-407F-9BF5-6C4CF15B8AE3}.Debug|Any CPU.Build.0 = Debug|Any CPU
		{B897FC03-4445-407F-9BF5-6C4CF15B8AE3}.Release|Any CPU.ActiveCfg = Release|Any CPU
		{B897FC03-4445-407F-9BF5-6C4CF15B8AE3}.Release|Any CPU.Build.0 = Release|Any CPU
	EndGlobalSection
	GlobalSection(SolutionProperties) = preSolution
		HideSolutionNode = FALSE
	EndGlobalSection
	GlobalSection(NestedProjects) = preSolution
		{45955B9C-F145-48D8-8C35-701429E7E385} = {F988683C-F7D7-455C-B40C-2D8EAF274263}
		{DFCBD63D-FCF1-4FAC-A7DD-14F8FA391BC1} = {F988683C-F7D7-455C-B40C-2D8EAF274263}
		{2F1457EF-41E4-4115-963C-635E7D38D879} = {F988683C-F7D7-455C-B40C-2D8EAF274263}
		{24137218-3E1A-40D3-87F6-3E844B068A75} = {D31F8A7E-2CA5-4F53-8914-BEE2EF0F6EC1}
		{B897FC03-4445-407F-9BF5-6C4CF15B8AE3} = {D31F8A7E-2CA5-4F53-8914-BEE2EF0F6EC1}
	EndGlobalSection
	GlobalSection(ExtensibilityGlobals) = postSolution
		SolutionGuid = {11B48416-3194-4CA4-83E5-3DB750E471C0}
	EndGlobalSection
EndGlobal
