Microsoft Visual Studio Solution File, Format Version 12.00
# Visual Studio Version 16
VisualStudioVersion = 16.0.28803.352
MinimumVisualStudioVersion = 10.0.40219.1
Project("{2150E333-8FDC-42A3-9474-1A3956D46DE8}") = ".project", ".project", "{A97B8D08-C96D-4E28-9102-2E7F6644A1BD}"
	ProjectSection(SolutionItems) = preProject
		global.json = global.json
		..\..\Windows\System32\drivers\etc\hosts = ..\..\Windows\System32\drivers\etc\hosts
		NuGet.config = NuGet.config
	EndProjectSection
EndProject
Project("{2150E333-8FDC-42A3-9474-1A3956D46DE8}") = "lib", "lib", "{F988683C-F7D7-455C-B40C-2D8EAF274263}"
EndProject
Project("{2150E333-8FDC-42A3-9474-1A3956D46DE8}") = "app", "app", "{D31F8A7E-2CA5-4F53-8914-BEE2EF0F6EC1}"
EndProject
Project("{2150E333-8FDC-42A3-9474-1A3956D46DE8}") = ".aspnet", ".aspnet", "{91E253F0-0F41-4DC6-820A-CB49B164FFEF}"
EndProject
Project("{2150E333-8FDC-42A3-9474-1A3956D46DE8}") = "db", "db", "{220483FB-4E89-47EE-8097-D559B2364BC3}"
EndProject
Project("{00D1A9C2-B5F0-4AF3-8072-F6C62B433612}") = "GLT_Core", "db\GLT_Core\GLT_Core.sqlproj", "{13E1CF44-6185-4251-83E0-0B79904A2C68}"
EndProject
Project("{00D1A9C2-B5F0-4AF3-8072-F6C62B433612}") = "GLT_EventLog", "db\GLT_EventLog\GLT_EventLog.sqlproj", "{348C7B7E-D37B-4420-BC20-76FFD6118ABC}"
EndProject
Project("{00D1A9C2-B5F0-4AF3-8072-F6C62B433612}") = "GLT_Log", "db\GLT_Log\GLT_Log.sqlproj", "{FFAC9B87-CE17-47E4-A0F1-9E7504838537}"
EndProject
Project("{00D1A9C2-B5F0-4AF3-8072-F6C62B433612}") = "GLT_Main", "db\GLT_Main\GLT_Main.sqlproj", "{6CB57E85-8CBC-45F5-BD6B-ABAD2388F8E5}"
EndProject
Project("{00D1A9C2-B5F0-4AF3-8072-F6C62B433612}") = "GLT_User", "db\GLT_User\GLT_User.sqlproj", "{3F39FD9D-481F-4C90-BC5D-C93762C759AB}"
EndProject
Project("{9A19103F-16F7-4668-BE54-9A1E7A4F7556}") = "api_test", "app\api_test\api_test.csproj", "{77AC2279-4F2F-4447-9EE3-4772F8337691}"
EndProject
Project("{FAE04EC0-301F-11D3-BF4B-00C04F79EFBC}") = "GLT_API", "app\GLT_API\GLT_API.csproj", "{3EC9A0A8-DDCF-42B0-BB0D-1404ECCDFDA8}"
EndProject
Global
	GlobalSection(SolutionConfigurationPlatforms) = preSolution
		Debug|Any CPU = Debug|Any CPU
		Release|Any CPU = Release|Any CPU
	EndGlobalSection
	GlobalSection(ProjectConfigurationPlatforms) = postSolution
		{13E1CF44-6185-4251-83E0-0B79904A2C68}.Debug|Any CPU.ActiveCfg = Debug|Any CPU
		{13E1CF44-6185-4251-83E0-0B79904A2C68}.Debug|Any CPU.Build.0 = Debug|Any CPU
		{13E1CF44-6185-4251-83E0-0B79904A2C68}.Debug|Any CPU.Deploy.0 = Debug|Any CPU
		{13E1CF44-6185-4251-83E0-0B79904A2C68}.Release|Any CPU.ActiveCfg = Release|Any CPU
		{13E1CF44-6185-4251-83E0-0B79904A2C68}.Release|Any CPU.Build.0 = Release|Any CPU
		{13E1CF44-6185-4251-83E0-0B79904A2C68}.Release|Any CPU.Deploy.0 = Release|Any CPU
		{348C7B7E-D37B-4420-BC20-76FFD6118ABC}.Debug|Any CPU.ActiveCfg = Debug|Any CPU
		{348C7B7E-D37B-4420-BC20-76FFD6118ABC}.Debug|Any CPU.Build.0 = Debug|Any CPU
		{348C7B7E-D37B-4420-BC20-76FFD6118ABC}.Debug|Any CPU.Deploy.0 = Debug|Any CPU
		{348C7B7E-D37B-4420-BC20-76FFD6118ABC}.Release|Any CPU.ActiveCfg = Release|Any CPU
		{348C7B7E-D37B-4420-BC20-76FFD6118ABC}.Release|Any CPU.Build.0 = Release|Any CPU
		{348C7B7E-D37B-4420-BC20-76FFD6118ABC}.Release|Any CPU.Deploy.0 = Release|Any CPU
		{FFAC9B87-CE17-47E4-A0F1-9E7504838537}.Debug|Any CPU.ActiveCfg = Debug|Any CPU
		{FFAC9B87-CE17-47E4-A0F1-9E7504838537}.Debug|Any CPU.Build.0 = Debug|Any CPU
		{FFAC9B87-CE17-47E4-A0F1-9E7504838537}.Debug|Any CPU.Deploy.0 = Debug|Any CPU
		{FFAC9B87-CE17-47E4-A0F1-9E7504838537}.Release|Any CPU.ActiveCfg = Release|Any CPU
		{FFAC9B87-CE17-47E4-A0F1-9E7504838537}.Release|Any CPU.Build.0 = Release|Any CPU
		{FFAC9B87-CE17-47E4-A0F1-9E7504838537}.Release|Any CPU.Deploy.0 = Release|Any CPU
		{6CB57E85-8CBC-45F5-BD6B-ABAD2388F8E5}.Debug|Any CPU.ActiveCfg = Debug|Any CPU
		{6CB57E85-8CBC-45F5-BD6B-ABAD2388F8E5}.Debug|Any CPU.Build.0 = Debug|Any CPU
		{6CB57E85-8CBC-45F5-BD6B-ABAD2388F8E5}.Debug|Any CPU.Deploy.0 = Debug|Any CPU
		{6CB57E85-8CBC-45F5-BD6B-ABAD2388F8E5}.Release|Any CPU.ActiveCfg = Release|Any CPU
		{6CB57E85-8CBC-45F5-BD6B-ABAD2388F8E5}.Release|Any CPU.Build.0 = Release|Any CPU
		{6CB57E85-8CBC-45F5-BD6B-ABAD2388F8E5}.Release|Any CPU.Deploy.0 = Release|Any CPU
		{3F39FD9D-481F-4C90-BC5D-C93762C759AB}.Debug|Any CPU.ActiveCfg = Debug|Any CPU
		{3F39FD9D-481F-4C90-BC5D-C93762C759AB}.Debug|Any CPU.Build.0 = Debug|Any CPU
		{3F39FD9D-481F-4C90-BC5D-C93762C759AB}.Debug|Any CPU.Deploy.0 = Debug|Any CPU
		{3F39FD9D-481F-4C90-BC5D-C93762C759AB}.Release|Any CPU.ActiveCfg = Release|Any CPU
		{3F39FD9D-481F-4C90-BC5D-C93762C759AB}.Release|Any CPU.Build.0 = Release|Any CPU
		{3F39FD9D-481F-4C90-BC5D-C93762C759AB}.Release|Any CPU.Deploy.0 = Release|Any CPU
		{77AC2279-4F2F-4447-9EE3-4772F8337691}.Debug|Any CPU.ActiveCfg = Debug|Any CPU
		{77AC2279-4F2F-4447-9EE3-4772F8337691}.Debug|Any CPU.Build.0 = Debug|Any CPU
		{77AC2279-4F2F-4447-9EE3-4772F8337691}.Release|Any CPU.ActiveCfg = Release|Any CPU
		{77AC2279-4F2F-4447-9EE3-4772F8337691}.Release|Any CPU.Build.0 = Release|Any CPU
		{3EC9A0A8-DDCF-42B0-BB0D-1404ECCDFDA8}.Debug|Any CPU.ActiveCfg = Debug|Any CPU
		{3EC9A0A8-DDCF-42B0-BB0D-1404ECCDFDA8}.Debug|Any CPU.Build.0 = Debug|Any CPU
		{3EC9A0A8-DDCF-42B0-BB0D-1404ECCDFDA8}.Release|Any CPU.ActiveCfg = Release|Any CPU
		{3EC9A0A8-DDCF-42B0-BB0D-1404ECCDFDA8}.Release|Any CPU.Build.0 = Release|Any CPU
	EndGlobalSection
	GlobalSection(SolutionProperties) = preSolution
		HideSolutionNode = FALSE
	EndGlobalSection
	GlobalSection(NestedProjects) = preSolution
		{13E1CF44-6185-4251-83E0-0B79904A2C68} = {220483FB-4E89-47EE-8097-D559B2364BC3}
		{348C7B7E-D37B-4420-BC20-76FFD6118ABC} = {220483FB-4E89-47EE-8097-D559B2364BC3}
		{FFAC9B87-CE17-47E4-A0F1-9E7504838537} = {220483FB-4E89-47EE-8097-D559B2364BC3}
		{6CB57E85-8CBC-45F5-BD6B-ABAD2388F8E5} = {220483FB-4E89-47EE-8097-D559B2364BC3}
		{3F39FD9D-481F-4C90-BC5D-C93762C759AB} = {220483FB-4E89-47EE-8097-D559B2364BC3}
		{77AC2279-4F2F-4447-9EE3-4772F8337691} = {D31F8A7E-2CA5-4F53-8914-BEE2EF0F6EC1}
		{3EC9A0A8-DDCF-42B0-BB0D-1404ECCDFDA8} = {D31F8A7E-2CA5-4F53-8914-BEE2EF0F6EC1}
	EndGlobalSection
	GlobalSection(ExtensibilityGlobals) = postSolution
		SolutionGuid = {11B48416-3194-4CA4-83E5-3DB750E471C0}
	EndGlobalSection
EndGlobal
