Microsoft Visual Studio Solution File, Format Version 12.00
# Visual Studio Version 16
VisualStudioVersion = 16.0.28803.352
MinimumVisualStudioVersion = 10.0.40219.1
Project("{2150E333-8FDC-42A3-9474-1A3956D46DE8}") = ".project", ".project", "{A97B8D08-C96D-4E28-9102-2E7F6644A1BD}"
	ProjectSection(SolutionItems) = preProject
		global.json = global.json
		..\..\Windows\System32\drivers\etc\hosts = ..\..\Windows\System32\drivers\etc\hosts
		NuGet.config = NuGet.config
	EndProjectSection
EndProject
Project("{2150E333-8FDC-42A3-9474-1A3956D46DE8}") = "lib", "lib", "{F988683C-F7D7-455C-B40C-2D8EAF274263}"
EndProject
Project("{2150E333-8FDC-42A3-9474-1A3956D46DE8}") = "app", "app", "{D31F8A7E-2CA5-4F53-8914-BEE2EF0F6EC1}"
EndProject
Project("{9A19103F-16F7-4668-BE54-9A1E7A4F7556}") = "api_test", "app\api_test\api_test.csproj", "{77AC2279-4F2F-4447-9EE3-4772F8337691}"
EndProject
Project("{9A19103F-16F7-4668-BE54-9A1E7A4F7556}") = "GLT_API", "app\GLT_API\GLT_API.csproj", "{3EC9A0A8-DDCF-42B0-BB0D-1404ECCDFDA8}"
EndProject
Project("{9A19103F-16F7-4668-BE54-9A1E7A4F7556}") = "Tools", "lib\Tools\Tools.csproj", "{45955B9C-F145-48D8-8C35-701429E7E385}"
EndProject
Project("{9A19103F-16F7-4668-BE54-9A1E7A4F7556}") = "Common", "lib\Common\Common.csproj", "{DFCBD63D-FCF1-4FAC-A7DD-14F8FA391BC1}"
EndProject
Global
	GlobalSection(SolutionConfigurationPlatforms) = preSolution
		Debug|Any CPU = Debug|Any CPU
		Release|Any CPU = Release|Any CPU
	EndGlobalSection
	GlobalSection(ProjectConfigurationPlatforms) = postSolution
		{77AC2279-4F2F-4447-9EE3-4772F8337691}.Debug|Any CPU.ActiveCfg = Debug|Any CPU
		{77AC2279-4F2F-4447-9EE3-4772F8337691}.Debug|Any CPU.Build.0 = Debug|Any CPU
		{77AC2279-4F2F-4447-9EE3-4772F8337691}.Release|Any CPU.ActiveCfg = Release|Any CPU
		{77AC2279-4F2F-4447-9EE3-4772F8337691}.Release|Any CPU.Build.0 = Release|Any CPU
		{3EC9A0A8-DDCF-42B0-BB0D-1404ECCDFDA8}.Debug|Any CPU.ActiveCfg = Debug|Any CPU
		{3EC9A0A8-DDCF-42B0-BB0D-1404ECCDFDA8}.Debug|Any CPU.Build.0 = Debug|Any CPU
		{3EC9A0A8-DDCF-42B0-BB0D-1404ECCDFDA8}.Release|Any CPU.ActiveCfg = Release|Any CPU
		{3EC9A0A8-DDCF-42B0-BB0D-1404ECCDFDA8}.Release|Any CPU.Build.0 = Release|Any CPU
		{45955B9C-F145-48D8-8C35-701429E7E385}.Debug|Any CPU.ActiveCfg = Debug|Any CPU
		{45955B9C-F145-48D8-8C35-701429E7E385}.Debug|Any CPU.Build.0 = Debug|Any CPU
		{45955B9C-F145-48D8-8C35-701429E7E385}.Release|Any CPU.ActiveCfg = Release|Any CPU
		{45955B9C-F145-48D8-8C35-701429E7E385}.Release|Any CPU.Build.0 = Release|Any CPU
		{DFCBD63D-FCF1-4FAC-A7DD-14F8FA391BC1}.Debug|Any CPU.ActiveCfg = Debug|Any CPU
		{DFCBD63D-FCF1-4FAC-A7DD-14F8FA391BC1}.Debug|Any CPU.Build.0 = Debug|Any CPU
		{DFCBD63D-FCF1-4FAC-A7DD-14F8FA391BC1}.Release|Any CPU.ActiveCfg = Release|Any CPU
		{DFCBD63D-FCF1-4FAC-A7DD-14F8FA391BC1}.Release|Any CPU.Build.0 = Release|Any CPU
	EndGlobalSection
	GlobalSection(SolutionProperties) = preSolution
		HideSolutionNode = FALSE
	EndGlobalSection
	GlobalSection(NestedProjects) = preSolution
		{77AC2279-4F2F-4447-9EE3-4772F8337691} = {D31F8A7E-2CA5-4F53-8914-BEE2EF0F6EC1}
		{3EC9A0A8-DDCF-42B0-BB0D-1404ECCDFDA8} = {D31F8A7E-2CA5-4F53-8914-BEE2EF0F6EC1}
		{45955B9C-F145-48D8-8C35-701429E7E385} = {F988683C-F7D7-455C-B40C-2D8EAF274263}
		{DFCBD63D-FCF1-4FAC-A7DD-14F8FA391BC1} = {F988683C-F7D7-455C-B40C-2D8EAF274263}
	EndGlobalSection
	GlobalSection(ExtensibilityGlobals) = postSolution
		SolutionGuid = {11B48416-3194-4CA4-83E5-3DB750E471C0}
	EndGlobalSection
EndGlobal
