
Microsoft Visual Studio Solution File, Format Version 12.00
# Visual Studio Version 16
VisualStudioVersion = 16.0.29920.165
MinimumVisualStudioVersion = 10.0.40219.1
Project("{00D1A9C2-B5F0-4AF3-8072-F6C62B433612}") = "GLT_Core", "db\GLT_Core\GLT_Core.sqlproj", "{13E1CF44-6185-4251-83E0-0B79904A2C68}"
EndProject
Project("{00D1A9C2-B5F0-4AF3-8072-F6C62B433612}") = "GLT_EventLog", "db\GLT_EventLog\GLT_EventLog.sqlproj", "{348C7B7E-D37B-4420-BC20-76FFD6118ABC}"
EndProject
Project("{00D1A9C2-B5F0-4AF3-8072-F6C62B433612}") = "GLT_Log", "db\GLT_Log\GLT_Log.sqlproj", "{FFAC9B87-CE17-47E4-A0F1-9E7504838537}"
EndProject
Project("{00D1A9C2-B5F0-4AF3-8072-F6C62B433612}") = "GLT_Main", "db\GLT_Main\GLT_Main.sqlproj", "{6CB57E85-8CBC-45F5-BD6B-ABAD2388F8E5}"
EndProject
Project("{00D1A9C2-B5F0-4AF3-8072-F6C62B433612}") = "GLT_User", "db\GLT_User\GLT_User.sqlproj", "{3F39FD9D-481F-4C90-BC5D-C93762C759AB}"
EndProject
Project("{00D1A9C2-B5F0-4AF3-8072-F6C62B433612}") = "GLT_Reporting", "db\GLT_Reporting\GLT_Reporting.sqlproj", "{57B47640-AB13-4CA7-931F-8262CC0754B7}"
EndProject
Global
	GlobalSection(SolutionConfigurationPlatforms) = preSolution
		Debug|Any CPU = Debug|Any CPU
		Release|Any CPU = Release|Any CPU
	EndGlobalSection
	GlobalSection(ProjectConfigurationPlatforms) = postSolution
		{13E1CF44-6185-4251-83E0-0B79904A2C68}.Debug|Any CPU.ActiveCfg = Debug|Any CPU
		{13E1CF44-6185-4251-83E0-0B79904A2C68}.Debug|Any CPU.Build.0 = Debug|Any CPU
		{13E1CF44-6185-4251-83E0-0B79904A2C68}.Debug|Any CPU.Deploy.0 = Debug|Any CPU
		{13E1CF44-6185-4251-83E0-0B79904A2C68}.Release|Any CPU.ActiveCfg = Release|Any CPU
		{13E1CF44-6185-4251-83E0-0B79904A2C68}.Release|Any CPU.Build.0 = Release|Any CPU
		{13E1CF44-6185-4251-83E0-0B79904A2C68}.Release|Any CPU.Deploy.0 = Release|Any CPU
		{348C7B7E-D37B-4420-BC20-76FFD6118ABC}.Debug|Any CPU.ActiveCfg = Debug|Any CPU
		{348C7B7E-D37B-4420-BC20-76FFD6118ABC}.Debug|Any CPU.Build.0 = Debug|Any CPU
		{348C7B7E-D37B-4420-BC20-76FFD6118ABC}.Debug|Any CPU.Deploy.0 = Debug|Any CPU
		{348C7B7E-D37B-4420-BC20-76FFD6118ABC}.Release|Any CPU.ActiveCfg = Release|Any CPU
		{348C7B7E-D37B-4420-BC20-76FFD6118ABC}.Release|Any CPU.Build.0 = Release|Any CPU
		{348C7B7E-D37B-4420-BC20-76FFD6118ABC}.Release|Any CPU.Deploy.0 = Release|Any CPU
		{FFAC9B87-CE17-47E4-A0F1-9E7504838537}.Debug|Any CPU.ActiveCfg = Debug|Any CPU
		{FFAC9B87-CE17-47E4-A0F1-9E7504838537}.Debug|Any CPU.Build.0 = Debug|Any CPU
		{FFAC9B87-CE17-47E4-A0F1-9E7504838537}.Debug|Any CPU.Deploy.0 = Debug|Any CPU
		{FFAC9B87-CE17-47E4-A0F1-9E7504838537}.Release|Any CPU.ActiveCfg = Release|Any CPU
		{FFAC9B87-CE17-47E4-A0F1-9E7504838537}.Release|Any CPU.Build.0 = Release|Any CPU
		{FFAC9B87-CE17-47E4-A0F1-9E7504838537}.Release|Any CPU.Deploy.0 = Release|Any CPU
		{6CB57E85-8CBC-45F5-BD6B-ABAD2388F8E5}.Debug|Any CPU.ActiveCfg = Debug|Any CPU
		{6CB57E85-8CBC-45F5-BD6B-ABAD2388F8E5}.Debug|Any CPU.Build.0 = Debug|Any CPU
		{6CB57E85-8CBC-45F5-BD6B-ABAD2388F8E5}.Debug|Any CPU.Deploy.0 = Debug|Any CPU
		{6CB57E85-8CBC-45F5-BD6B-ABAD2388F8E5}.Release|Any CPU.ActiveCfg = Release|Any CPU
		{6CB57E85-8CBC-45F5-BD6B-ABAD2388F8E5}.Release|Any CPU.Build.0 = Release|Any CPU
		{6CB57E85-8CBC-45F5-BD6B-ABAD2388F8E5}.Release|Any CPU.Deploy.0 = Release|Any CPU
		{3F39FD9D-481F-4C90-BC5D-C93762C759AB}.Debug|Any CPU.ActiveCfg = Debug|Any CPU
		{3F39FD9D-481F-4C90-BC5D-C93762C759AB}.Debug|Any CPU.Build.0 = Debug|Any CPU
		{3F39FD9D-481F-4C90-BC5D-C93762C759AB}.Debug|Any CPU.Deploy.0 = Debug|Any CPU
		{3F39FD9D-481F-4C90-BC5D-C93762C759AB}.Release|Any CPU.ActiveCfg = Release|Any CPU
		{3F39FD9D-481F-4C90-BC5D-C93762C759AB}.Release|Any CPU.Build.0 = Release|Any CPU
		{3F39FD9D-481F-4C90-BC5D-C93762C759AB}.Release|Any CPU.Deploy.0 = Release|Any CPU
		{57B47640-AB13-4CA7-931F-8262CC0754B7}.Debug|Any CPU.ActiveCfg = Debug|Any CPU
		{57B47640-AB13-4CA7-931F-8262CC0754B7}.Debug|Any CPU.Build.0 = Debug|Any CPU
		{57B47640-AB13-4CA7-931F-8262CC0754B7}.Debug|Any CPU.Deploy.0 = Debug|Any CPU
		{57B47640-AB13-4CA7-931F-8262CC0754B7}.Release|Any CPU.ActiveCfg = Release|Any CPU
		{57B47640-AB13-4CA7-931F-8262CC0754B7}.Release|Any CPU.Build.0 = Release|Any CPU
		{57B47640-AB13-4CA7-931F-8262CC0754B7}.Release|Any CPU.Deploy.0 = Release|Any CPU
	EndGlobalSection
	GlobalSection(SolutionProperties) = preSolution
		HideSolutionNode = FALSE
	EndGlobalSection
	GlobalSection(ExtensibilityGlobals) = postSolution
		SolutionGuid = {8D41C38D-07AF-417C-BEF4-24D567E9ED2C}
	EndGlobalSection
EndGlobal
