
Microsoft Visual Studio Solution File, Format Version 12.00
# Visual Studio Version 16
VisualStudioVersion = 16.0.29920.165
MinimumVisualStudioVersion = 10.0.40219.1
Project("{00D1A9C2-B5F0-4AF3-8072-F6C62B433612}") = "ams_core", "ams_core\ams_core.sqlproj", "{E480EC7B-25D5-4FC7-AA98-A9B68F82D364}"
EndProject
Project("{00D1A9C2-B5F0-4AF3-8072-F6C62B433612}") = "ams_log", "ams_log\ams_log.sqlproj", "{017EF4C6-6993-4D71-A6DB-3BAC89D77208}"
EndProject
Project("{00D1A9C2-B5F0-4AF3-8072-F6C62B433612}") = "ams_user", "ams_user\ams_user.sqlproj", "{98C60739-6D4E-4DB1-895C-CDF1797DD771}"
EndProject
Global
	GlobalSection(SolutionConfigurationPlatforms) = preSolution
		Debug|Any CPU = Debug|Any CPU
		Release|Any CPU = Release|Any CPU
	EndGlobalSection
	GlobalSection(ProjectConfigurationPlatforms) = postSolution
		{E480EC7B-25D5-4FC7-AA98-A9B68F82D364}.Debug|Any CPU.ActiveCfg = Debug|Any CPU
		{E480EC7B-25D5-4FC7-AA98-A9B68F82D364}.Debug|Any CPU.Build.0 = Debug|Any CPU
		{E480EC7B-25D5-4FC7-AA98-A9B68F82D364}.Debug|Any CPU.Deploy.0 = Debug|Any CPU
		{E480EC7B-25D5-4FC7-AA98-A9B68F82D364}.Release|Any CPU.ActiveCfg = Release|Any CPU
		{E480EC7B-25D5-4FC7-AA98-A9B68F82D364}.Release|Any CPU.Build.0 = Release|Any CPU
		{E480EC7B-25D5-4FC7-AA98-A9B68F82D364}.Release|Any CPU.Deploy.0 = Release|Any CPU
		{017EF4C6-6993-4D71-A6DB-3BAC89D77208}.Debug|Any CPU.ActiveCfg = Debug|Any CPU
		{017EF4C6-6993-4D71-A6DB-3BAC89D77208}.Debug|Any CPU.Build.0 = Debug|Any CPU
		{017EF4C6-6993-4D71-A6DB-3BAC89D77208}.Debug|Any CPU.Deploy.0 = Debug|Any CPU
		{017EF4C6-6993-4D71-A6DB-3BAC89D77208}.Release|Any CPU.ActiveCfg = Release|Any CPU
		{017EF4C6-6993-4D71-A6DB-3BAC89D77208}.Release|Any CPU.Build.0 = Release|Any CPU
		{017EF4C6-6993-4D71-A6DB-3BAC89D77208}.Release|Any CPU.Deploy.0 = Release|Any CPU
		{98C60739-6D4E-4DB1-895C-CDF1797DD771}.Debug|Any CPU.ActiveCfg = Debug|Any CPU
		{98C60739-6D4E-4DB1-895C-CDF1797DD771}.Debug|Any CPU.Build.0 = Debug|Any CPU
		{98C60739-6D4E-4DB1-895C-CDF1797DD771}.Debug|Any CPU.Deploy.0 = Debug|Any CPU
		{98C60739-6D4E-4DB1-895C-CDF1797DD771}.Release|Any CPU.ActiveCfg = Release|Any CPU
		{98C60739-6D4E-4DB1-895C-CDF1797DD771}.Release|Any CPU.Build.0 = Release|Any CPU
		{98C60739-6D4E-4DB1-895C-CDF1797DD771}.Release|Any CPU.Deploy.0 = Release|Any CPU
	EndGlobalSection
	GlobalSection(SolutionProperties) = preSolution
		HideSolutionNode = FALSE
	EndGlobalSection
	GlobalSection(ExtensibilityGlobals) = postSolution
		SolutionGuid = {8D41C38D-07AF-417C-BEF4-24D567E9ED2C}
	EndGlobalSection
EndGlobal
